
Microsoft Visual Studio Solution File, Format Version 12.00
# Visual Studio Version 17
VisualStudioVersion = 17.3.32811.315
MinimumVisualStudioVersion = 10.0.40219.1
Project("{FAE04EC0-301F-11D3-BF4B-00C04F79EFBC}") = "gitapp", "gitapp.csproj", "{4EE8549A-2086-4C51-9699-6F1C25A48564}"
EndProject
Global
	GlobalSection(SolutionConfigurationPlatforms) = preSolution
		Debug|Any CPU = Debug|Any CPU
		Release|Any CPU = Release|Any CPU
	EndGlobalSection
	GlobalSection(ProjectConfigurationPlatforms) = postSolution
		{4EE8549A-2086-4C51-9699-6F1C25A48564}.Debug|Any CPU.ActiveCfg = Debug|Any CPU
		{4EE8549A-2086-4C51-9699-6F1C25A48564}.Debug|Any CPU.Build.0 = Debug|Any CPU
		{4EE8549A-2086-4C51-9699-6F1C25A48564}.Release|Any CPU.ActiveCfg = Release|Any CPU
		{4EE8549A-2086-4C51-9699-6F1C25A48564}.Release|Any CPU.Build.0 = Release|Any CPU
	EndGlobalSection
	GlobalSection(SolutionProperties) = preSolution
		HideSolutionNode = FALSE
	EndGlobalSection
	GlobalSection(ExtensibilityGlobals) = postSolution
		SolutionGuid = {EC6E0FD6-FC65-42EF-827F-D833A0CED3AE}
	EndGlobalSection
EndGlobal
